Microsoft Visual Studio Solution File, Format Version 12.00
# Visual Studio Version 17
VisualStudioVersion = 17.5.2.0
MinimumVisualStudioVersion = 10.0.40219.1
Project("{FAE04EC0-301F-11D3-BF4B-00C04F79EFBC}") = "JsonPlaceholderApi", "JsonPlaceholderApi.csproj", "{419D7885-C30E-FA45-45EA-826C240B452B}"
EndProject
Project("{FAE04EC0-301F-11D3-BF4B-00C04F79EFBC}") = "JsonPlaceholderApi.Tests", "Tests\JsonPlaceholderApi.Tests.csproj", "{5F9FF193-7453-44E5-BE89-0F7302F3BF77}"
EndProject
Global
	GlobalSection(SolutionConfigurationPlatforms) = preSolution
		Debug|Any CPU = Debug|Any CPU
		Release|Any CPU = Release|Any CPU
	EndGlobalSection
	GlobalSection(ProjectConfigurationPlatforms) = postSolution
		{419D7885-C30E-FA45-45EA-826C240B452B}.Debug|Any CPU.ActiveCfg = Debug|Any CPU
		{419D7885-C30E-FA45-45EA-826C240B452B}.Debug|Any CPU.Build.0 = Debug|Any CPU
		{419D7885-C30E-FA45-45EA-826C240B452B}.Release|Any CPU.ActiveCfg = Release|Any CPU
		{419D7885-C30E-FA45-45EA-826C240B452B}.Release|Any CPU.Build.0 = Release|Any CPU
		{5F9FF193-7453-44E5-BE89-0F7302F3BF77}.Debug|Any CPU.ActiveCfg = Debug|Any CPU
		{5F9FF193-7453-44E5-BE89-0F7302F3BF77}.Debug|Any CPU.Build.0 = Debug|Any CPU
		{5F9FF193-7453-44E5-BE89-0F7302F3BF77}.Release|Any CPU.ActiveCfg = Release|Any CPU
		{5F9FF193-7453-44E5-BE89-0F7302F3BF77}.Release|Any CPU.Build.0 = Release|Any CPU
	EndGlobalSection
	GlobalSection(SolutionProperties) = preSolution
		HideSolutionNode = FALSE
	EndGlobalSection
	GlobalSection(ExtensibilityGlobals) = postSolution
		SolutionGuid = {20BA849C-101C-48E4-B113-DB854934AFBA}
	EndGlobalSection
EndGlobal
